
Microsoft Visual Studio Solution File, Format Version 12.00
# Visual Studio Version 17
VisualStudioVersion = 17.9.34728.123
MinimumVisualStudioVersion = 10.0.40219.1
Project("{FAE04EC0-301F-11D3-BF4B-00C04F79EFBC}") = "assignment c# advanced02", "assignment c# advanced02\assignment c# advanced02.csproj", "{7B281CEB-5BD5-41A7-9EED-C6CC6778CA16}"
EndProject
Project("{FAE04EC0-301F-11D3-BF4B-00C04F79EFBC}") = "Assignment 02 Advanced", "Assignment 02 Advanced\Assignment 02 Advanced.csproj", "{43F063C3-141F-47FF-96D6-900AA14E2B28}"
EndProject
Global
	GlobalSection(SolutionConfigurationPlatforms) = preSolution
		Debug|Any CPU = Debug|Any CPU
		Release|Any CPU = Release|Any CPU
	EndGlobalSection
	GlobalSection(ProjectConfigurationPlatforms) = postSolution
		{7B281CEB-5BD5-41A7-9EED-C6CC6778CA16}.Debug|Any CPU.ActiveCfg = Debug|Any CPU
		{7B281CEB-5BD5-41A7-9EED-C6CC6778CA16}.Debug|Any CPU.Build.0 = Debug|Any CPU
		{7B281CEB-5BD5-41A7-9EED-C6CC6778CA16}.Release|Any CPU.ActiveCfg = Release|Any CPU
		{7B281CEB-5BD5-41A7-9EED-C6CC6778CA16}.Release|Any CPU.Build.0 = Release|Any CPU
		{43F063C3-141F-47FF-96D6-900AA14E2B28}.Debug|Any CPU.ActiveCfg = Debug|Any CPU
		{43F063C3-141F-47FF-96D6-900AA14E2B28}.Debug|Any CPU.Build.0 = Debug|Any CPU
		{43F063C3-141F-47FF-96D6-900AA14E2B28}.Release|Any CPU.ActiveCfg = Release|Any CPU
		{43F063C3-141F-47FF-96D6-900AA14E2B28}.Release|Any CPU.Build.0 = Release|Any CPU
	EndGlobalSection
	GlobalSection(SolutionProperties) = preSolution
		HideSolutionNode = FALSE
	EndGlobalSection
	GlobalSection(ExtensibilityGlobals) = postSolution
		SolutionGuid = {429ED576-2AB4-457C-9DCC-74CE8966ED5C}
	EndGlobalSection
EndGlobal
