
Microsoft Visual Studio Solution File, Format Version 12.00
# Visual Studio Version 17
VisualStudioVersion = 17.9.34728.123
MinimumVisualStudioVersion = 10.0.40219.1
Project("{9A19103F-16F7-4668-BE54-9A1E7A4F7556}") = "c#advaced", "c#advaced\c#advaced.csproj", "{09683DC8-EBAC-46DC-9A82-5659A45FCED4}"
EndProject
Project("{FAE04EC0-301F-11D3-BF4B-00C04F79EFBC}") = "Assignment Genarics 01", "Assignment Genarics 01\Assignment Genarics 01.csproj", "{B5B5DB55-7DE0-456F-93D8-35D49BBB157C}"
EndProject
Global
	GlobalSection(SolutionConfigurationPlatforms) = preSolution
		Debug|Any CPU = Debug|Any CPU
		Release|Any CPU = Release|Any CPU
	EndGlobalSection
	GlobalSection(ProjectConfigurationPlatforms) = postSolution
		{09683DC8-EBAC-46DC-9A82-5659A45FCED4}.Debug|Any CPU.ActiveCfg = Debug|Any CPU
		{09683DC8-EBAC-46DC-9A82-5659A45FCED4}.Debug|Any CPU.Build.0 = Debug|Any CPU
		{09683DC8-EBAC-46DC-9A82-5659A45FCED4}.Release|Any CPU.ActiveCfg = Release|Any CPU
		{09683DC8-EBAC-46DC-9A82-5659A45FCED4}.Release|Any CPU.Build.0 = Release|Any CPU
		{B5B5DB55-7DE0-456F-93D8-35D49BBB157C}.Debug|Any CPU.ActiveCfg = Debug|Any CPU
		{B5B5DB55-7DE0-456F-93D8-35D49BBB157C}.Debug|Any CPU.Build.0 = Debug|Any CPU
		{B5B5DB55-7DE0-456F-93D8-35D49BBB157C}.Release|Any CPU.ActiveCfg = Release|Any CPU
		{B5B5DB55-7DE0-456F-93D8-35D49BBB157C}.Release|Any CPU.Build.0 = Release|Any CPU
	EndGlobalSection
	GlobalSection(SolutionProperties) = preSolution
		HideSolutionNode = FALSE
	EndGlobalSection
	GlobalSection(ExtensibilityGlobals) = postSolution
		SolutionGuid = {7C9F89DA-EFEE-4A2C-8F8D-3D5B71AD414D}
	EndGlobalSection
EndGlobal
